
Microsoft Visual Studio Solution File, Format Version 12.00
# Visual Studio 2013
VisualStudioVersion = 12.0.21005.1
MinimumVisualStudioVersion = 10.0.40219.1
Project("{2150E333-8FDC-42A3-9474-1A3956D46DE8}") = "Solution Items", "Solution Items", "{65E43578-0BFE-4D21-B8DC-669EC5F3B9AE}"
	ProjectSection(SolutionItems) = preProject
		doc\examples\PayExCallbackController.cs = doc\examples\PayExCallbackController.cs
	EndProjectSection
EndProject
Project("{FAE04EC0-301F-11D3-BF4B-00C04F79EFBC}") = "PayEx.EPi.Commerce.Payment​", "src\PayEx.EPi.Commerce.Payment\PayEx.EPi.Commerce.Payment​.csproj", "{A37CC8A1-62CB-40DB-8E3F-71FFC1AEC338}"
EndProject
Project("{FAE04EC0-301F-11D3-BF4B-00C04F79EFBC}") = "PayEx.EPi.Commerce.Payment​.CommerceManager", "src\PayEx.EPi.Commerce.Payment.CommerceManager\PayEx.EPi.Commerce.Payment​.CommerceManager.csproj", "{628D6016-5950-467A-BC67-AEB4DCDD3AB1}"
EndProject
Project("{FAE04EC0-301F-11D3-BF4B-00C04F79EFBC}") = "PayEx.EPi.Commerce.Payment​.UnitTests", "tests\PayEx.EPi.Commerce.Payment.UnitTests\PayEx.EPi.Commerce.Payment​.UnitTests.csproj", "{84229FF5-45F1-441C-9265-AEB58526772B}"
EndProject
Global
	GlobalSection(SolutionConfigurationPlatforms) = preSolution
		Debug|Any CPU = Debug|Any CPU
		Release|Any CPU = Release|Any CPU
	EndGlobalSection
	GlobalSection(ProjectConfigurationPlatforms) = postSolution
		{A37CC8A1-62CB-40DB-8E3F-71FFC1AEC338}.Debug|Any CPU.ActiveCfg = Debug|Any CPU
		{A37CC8A1-62CB-40DB-8E3F-71FFC1AEC338}.Debug|Any CPU.Build.0 = Debug|Any CPU
		{A37CC8A1-62CB-40DB-8E3F-71FFC1AEC338}.Release|Any CPU.ActiveCfg = Release|Any CPU
		{A37CC8A1-62CB-40DB-8E3F-71FFC1AEC338}.Release|Any CPU.Build.0 = Release|Any CPU
		{628D6016-5950-467A-BC67-AEB4DCDD3AB1}.Debug|Any CPU.ActiveCfg = Debug|Any CPU
		{628D6016-5950-467A-BC67-AEB4DCDD3AB1}.Debug|Any CPU.Build.0 = Debug|Any CPU
		{628D6016-5950-467A-BC67-AEB4DCDD3AB1}.Release|Any CPU.ActiveCfg = Release|Any CPU
		{628D6016-5950-467A-BC67-AEB4DCDD3AB1}.Release|Any CPU.Build.0 = Release|Any CPU
		{84229FF5-45F1-441C-9265-AEB58526772B}.Debug|Any CPU.ActiveCfg = Debug|Any CPU
		{84229FF5-45F1-441C-9265-AEB58526772B}.Debug|Any CPU.Build.0 = Debug|Any CPU
		{84229FF5-45F1-441C-9265-AEB58526772B}.Release|Any CPU.ActiveCfg = Release|Any CPU
		{84229FF5-45F1-441C-9265-AEB58526772B}.Release|Any CPU.Build.0 = Release|Any CPU
	EndGlobalSection
	GlobalSection(SolutionProperties) = preSolution
		HideSolutionNode = FALSE
	EndGlobalSection
EndGlobal
